{
  "name": "activity-percent",
  "version": "1.0.0",
  "lockfileVersion": 1,
  "requires": true,
  "dependencies": {
    "stats-analysis": {
      "version": "2.0.0",
      "resolved": "https://registry.npmjs.org/stats-analysis/-/stats-analysis-2.0.0.tgz",
      "integrity": "sha512-vNDX84W0E37iSkGUvbhOknNnbE7+9T+6FaUyZO6wIDBk+pyDV28FBCcMywMHyIgyrNMM4woEWDhEURNtBtkswg=="
    }
  }
}
